
Microsoft Visual Studio Solution File, Format Version 12.00
# Visual Studio 15
VisualStudioVersion = 15.0.26430.6
MinimumVisualStudioVersion = 10.0.40219.1
Project("{FAE04EC0-301F-11D3-BF4B-00C04F79EFBC}") = "Debug.Source", "Debug.Source\Debug.Source.csproj", "{E9E4FB1D-7867-458E-9096-67C38EE319F2}"
EndProject
Global
	GlobalSection(SolutionConfigurationPlatforms) = preSolution
		Debug|Any CPU = Debug|Any CPU
		Release|Any CPU = Release|Any CPU
	EndGlobalSection
	GlobalSection(ProjectConfigurationPlatforms) = postSolution
		{E9E4FB1D-7867-458E-9096-67C38EE319F2}.Debug|Any CPU.ActiveCfg = Debug|Any CPU
		{E9E4FB1D-7867-458E-9096-67C38EE319F2}.Debug|Any CPU.Build.0 = Debug|Any CPU
		{E9E4FB1D-7867-458E-9096-67C38EE319F2}.Release|Any CPU.ActiveCfg = Release|Any CPU
		{E9E4FB1D-7867-458E-9096-67C38EE319F2}.Release|Any CPU.Build.0 = Release|Any CPU
	EndGlobalSection
	GlobalSection(SolutionProperties) = preSolution
		HideSolutionNode = FALSE
	EndGlobalSection
EndGlobal
