
Microsoft Visual Studio Solution File, Format Version 12.00
# Visual Studio 14
VisualStudioVersion = 14.0.25420.1
MinimumVisualStudioVersion = 10.0.40219.1
Project("{FAE04EC0-301F-11D3-BF4B-00C04F79EFBC}") = "Debug.Source", "Debug.Source\Debug.Source.csproj", "{67BCAD81-2DAB-4348-867C-2EB530D54458}"
EndProject
Project("{8BB2217D-0F2D-49D1-97BC-3654ED321F3B}") = "Debug.Target", "Debug.Target\Debug.Target.xproj", "{484281B5-B9E9-4060-97C9-045B1CE49871}"
EndProject
Global
	GlobalSection(SolutionConfigurationPlatforms) = preSolution
		Debug|Any CPU = Debug|Any CPU
		Release|Any CPU = Release|Any CPU
	EndGlobalSection
	GlobalSection(ProjectConfigurationPlatforms) = postSolution
		{67BCAD81-2DAB-4348-867C-2EB530D54458}.Debug|Any CPU.ActiveCfg = Debug|Any CPU
		{67BCAD81-2DAB-4348-867C-2EB530D54458}.Debug|Any CPU.Build.0 = Debug|Any CPU
		{67BCAD81-2DAB-4348-867C-2EB530D54458}.Release|Any CPU.ActiveCfg = Release|Any CPU
		{67BCAD81-2DAB-4348-867C-2EB530D54458}.Release|Any CPU.Build.0 = Release|Any CPU
		{484281B5-B9E9-4060-97C9-045B1CE49871}.Debug|Any CPU.ActiveCfg = Debug|Any CPU
		{484281B5-B9E9-4060-97C9-045B1CE49871}.Debug|Any CPU.Build.0 = Debug|Any CPU
		{484281B5-B9E9-4060-97C9-045B1CE49871}.Release|Any CPU.ActiveCfg = Release|Any CPU
		{484281B5-B9E9-4060-97C9-045B1CE49871}.Release|Any CPU.Build.0 = Release|Any CPU
	EndGlobalSection
	GlobalSection(SolutionProperties) = preSolution
		HideSolutionNode = FALSE
	EndGlobalSection
EndGlobal
